{
  "name": "mfcc",
  "version": "1.0.0",
  "lockfileVersion": 1,
  "requires": true,
  "dependencies": {
    "audiobuffer": {
      "version": "0.2.0",
      "resolved": "https://registry.npmjs.org/audiobuffer/-/audiobuffer-0.2.0.tgz",
      "integrity": "sha1-fPLfMHAarBhDM+r56O47AYMMhho=",
      "requires": {
        "underscore": "1.4.x"
      }
    },
    "dct": {
      "version": "0.1.0",
      "resolved": "https://registry.npmjs.org/dct/-/dct-0.1.0.tgz",
      "integrity": "sha512-/uUtEniuMq1aUxvLAoDtAduyl12oM1zhA/le2f83UFN/9+4KDHXFB6znEfoj5SDDLiTpUTr26NpxC7t8IFOYhQ=="
    },
    "fft.js": {
      "version": "4.0.3",
      "resolved": "https://registry.npmjs.org/fft.js/-/fft.js-4.0.3.tgz",
      "integrity": "sha1-sAhO+pQYj+vdHP/mhpH0yFoPuMs="
    },
    "underscore": {
      "version": "1.4.4",
      "resolved": "https://registry.npmjs.org/underscore/-/underscore-1.4.4.tgz",
      "integrity": "sha1-YaajIBBiKvoHljvzJSA88SI51gQ="
    }
  }
}
