{
  "name": "mfcc",
  "version": "1.0.0",
  "lockfileVersion": 1,
  "requires": true,
  "dependencies": {
    "dct": {
      "version": "0.1.0",
      "resolved": "https://registry.npmjs.org/dct/-/dct-0.1.0.tgz",
      "integrity": "sha512-/uUtEniuMq1aUxvLAoDtAduyl12oM1zhA/le2f83UFN/9+4KDHXFB6znEfoj5SDDLiTpUTr26NpxC7t8IFOYhQ=="
    },
    "fft.js": {
      "version": "4.0.3",
      "resolved": "https://registry.npmjs.org/fft.js/-/fft.js-4.0.3.tgz",
      "integrity": "sha1-sAhO+pQYj+vdHP/mhpH0yFoPuMs="
    },
    "ts-dsp": {
      "version": "1.0.0",
      "resolved": "https://registry.npmjs.org/ts-dsp/-/ts-dsp-1.0.0.tgz",
      "integrity": "sha512-bn1tw269Y6HcF4XBvLNpYJ4T9Zu8h74uk53J9gUCuKYR5x+S5/B9kicWCfMyHErYCOpoXlGyDYgpM9cAxGGBXg==",
      "requires": {
        "fft.js": "^4.0.3"
      }
    }
  }
}
